
Microsoft Visual Studio Solution File, Format Version 12.00
# Visual Studio 15
VisualStudioVersion = 15.0.27703.2035
MinimumVisualStudioVersion = 10.0.40219.1
Project("{FAE04EC0-301F-11D3-BF4B-00C04F79EFBC}") = "ComboBoxCueBanner", "ComboBoxCueBanner\ComboBoxCueBanner.csproj", "{78C394FC-77A4-49A2-8977-7A6B6DC20D59}"
EndProject
Global
	GlobalSection(SolutionConfigurationPlatforms) = preSolution
		Debug|Any CPU = Debug|Any CPU
		Release|Any CPU = Release|Any CPU
	EndGlobalSection
	GlobalSection(ProjectConfigurationPlatforms) = postSolution
		{78C394FC-77A4-49A2-8977-7A6B6DC20D59}.Debug|Any CPU.ActiveCfg = Debug|Any CPU
		{78C394FC-77A4-49A2-8977-7A6B6DC20D59}.Debug|Any CPU.Build.0 = Debug|Any CPU
		{78C394FC-77A4-49A2-8977-7A6B6DC20D59}.Release|Any CPU.ActiveCfg = Release|Any CPU
		{78C394FC-77A4-49A2-8977-7A6B6DC20D59}.Release|Any CPU.Build.0 = Release|Any CPU
	EndGlobalSection
	GlobalSection(SolutionProperties) = preSolution
		HideSolutionNode = FALSE
	EndGlobalSection
	GlobalSection(ExtensibilityGlobals) = postSolution
		SolutionGuid = {ADF40BEF-C6E5-4F1F-8D8B-CDDBE49B6068}
	EndGlobalSection
EndGlobal
